
Microsoft Visual Studio Solution File, Format Version 12.00
# Visual Studio 15
VisualStudioVersion = 15.0.25807.0
MinimumVisualStudioVersion = 10.0.40219.1
Project("{2150E333-8FDC-42A3-9474-1A3956D46DE8}") = "Engine", "Engine", "{3C0037C2-4D8F-47F9-871D-39EF5BD84E55}"
EndProject
Project("{2150E333-8FDC-42A3-9474-1A3956D46DE8}") = "Games", "Games", "{957E8352-6B3E-48F5-861F-0995E1F7CBBD}"
EndProject
Project("{8BC9CEB8-8B4A-11D0-8D11-00A0C91BC942}") = "TDAction", "Intermediate\ProjectFiles\TDAction.vcxproj", "{CF58328D-4588-417D-95C6-4623EBA7C0DE}"
EndProject
Project("{8BC9CEB8-8B4A-11D0-8D11-00A0C91BC942}") = "UE4", "Intermediate\ProjectFiles\UE4.vcxproj", "{A164CCA9-F8BC-44B8-B0BE-4345D190B5FC}"
EndProject
Project("{2150E333-8FDC-42A3-9474-1A3956D46DE8}") = "Visualizers", "Visualizers", "{026C2F51-C94A-4B57-AC79-7C4ACFA4E89D}"
	ProjectSection(SolutionItems) = preProject
		..\..\UE4\UE_4.22\Engine\Extras\VisualStudioDebugging\UE4.natvis = ..\..\UE4\UE_4.22\Engine\Extras\VisualStudioDebugging\UE4.natvis
	EndProjectSection
EndProject
Global
	GlobalSection(SolutionConfigurationPlatforms) = preSolution
		DebugGame Editor|HTML5 = DebugGame Editor|HTML5
		DebugGame Editor|Win32 = DebugGame Editor|Win32
		DebugGame Editor|Win64 = DebugGame Editor|Win64
		DebugGame|HTML5 = DebugGame|HTML5
		DebugGame|Win32 = DebugGame|Win32
		DebugGame|Win64 = DebugGame|Win64
		Development Editor|HTML5 = Development Editor|HTML5
		Development Editor|Win32 = Development Editor|Win32
		Development Editor|Win64 = Development Editor|Win64
		Development|HTML5 = Development|HTML5
		Development|Win32 = Development|Win32
		Development|Win64 = Development|Win64
		Shipping|HTML5 = Shipping|HTML5
		Shipping|Win32 = Shipping|Win32
		Shipping|Win64 = Shipping|Win64
	EndGlobalSection
	GlobalSection(ProjectConfigurationPlatforms) = postSolution
		{CF58328D-4588-417D-95C6-4623EBA7C0DE}.DebugGame Editor|HTML5.ActiveCfg = Invalid|Win32
		{CF58328D-4588-417D-95C6-4623EBA7C0DE}.DebugGame Editor|Win32.ActiveCfg = Invalid|Win32
		{CF58328D-4588-417D-95C6-4623EBA7C0DE}.DebugGame Editor|Win64.ActiveCfg = DebugGame_Editor|x64
		{CF58328D-4588-417D-95C6-4623EBA7C0DE}.DebugGame Editor|Win64.Build.0 = DebugGame_Editor|x64
		{CF58328D-4588-417D-95C6-4623EBA7C0DE}.DebugGame|HTML5.ActiveCfg = HTML5_DebugGame|Win32
		{CF58328D-4588-417D-95C6-4623EBA7C0DE}.DebugGame|HTML5.Build.0 = HTML5_DebugGame|Win32
		{CF58328D-4588-417D-95C6-4623EBA7C0DE}.DebugGame|Win32.ActiveCfg = DebugGame|Win32
		{CF58328D-4588-417D-95C6-4623EBA7C0DE}.DebugGame|Win32.Build.0 = DebugGame|Win32
		{CF58328D-4588-417D-95C6-4623EBA7C0DE}.DebugGame|Win64.ActiveCfg = DebugGame|x64
		{CF58328D-4588-417D-95C6-4623EBA7C0DE}.DebugGame|Win64.Build.0 = DebugGame|x64
		{CF58328D-4588-417D-95C6-4623EBA7C0DE}.Development Editor|HTML5.ActiveCfg = Invalid|Win32
		{CF58328D-4588-417D-95C6-4623EBA7C0DE}.Development Editor|Win32.ActiveCfg = Invalid|Win32
		{CF58328D-4588-417D-95C6-4623EBA7C0DE}.Development Editor|Win64.ActiveCfg = Development_Editor|x64
		{CF58328D-4588-417D-95C6-4623EBA7C0DE}.Development Editor|Win64.Build.0 = Development_Editor|x64
		{CF58328D-4588-417D-95C6-4623EBA7C0DE}.Development|HTML5.ActiveCfg = HTML5_Development|Win32
		{CF58328D-4588-417D-95C6-4623EBA7C0DE}.Development|HTML5.Build.0 = HTML5_Development|Win32
		{CF58328D-4588-417D-95C6-4623EBA7C0DE}.Development|Win32.ActiveCfg = Development|Win32
		{CF58328D-4588-417D-95C6-4623EBA7C0DE}.Development|Win32.Build.0 = Development|Win32
		{CF58328D-4588-417D-95C6-4623EBA7C0DE}.Development|Win64.ActiveCfg = Development|x64
		{CF58328D-4588-417D-95C6-4623EBA7C0DE}.Development|Win64.Build.0 = Development|x64
		{CF58328D-4588-417D-95C6-4623EBA7C0DE}.Shipping|HTML5.ActiveCfg = HTML5_Shipping|Win32
		{CF58328D-4588-417D-95C6-4623EBA7C0DE}.Shipping|HTML5.Build.0 = HTML5_Shipping|Win32
		{CF58328D-4588-417D-95C6-4623EBA7C0DE}.Shipping|Win32.ActiveCfg = Shipping|Win32
		{CF58328D-4588-417D-95C6-4623EBA7C0DE}.Shipping|Win32.Build.0 = Shipping|Win32
		{CF58328D-4588-417D-95C6-4623EBA7C0DE}.Shipping|Win64.ActiveCfg = Shipping|x64
		{CF58328D-4588-417D-95C6-4623EBA7C0DE}.Shipping|Win64.Build.0 = Shipping|x64
		{A164CCA9-F8BC-44B8-B0BE-4345D190B5FC}.DebugGame Editor|HTML5.ActiveCfg = BuiltWithUnrealBuildTool|Win32
		{A164CCA9-F8BC-44B8-B0BE-4345D190B5FC}.DebugGame Editor|Win32.ActiveCfg = BuiltWithUnrealBuildTool|Win32
		{A164CCA9-F8BC-44B8-B0BE-4345D190B5FC}.DebugGame Editor|Win64.ActiveCfg = BuiltWithUnrealBuildTool|Win32
		{A164CCA9-F8BC-44B8-B0BE-4345D190B5FC}.DebugGame|HTML5.ActiveCfg = BuiltWithUnrealBuildTool|Win32
		{A164CCA9-F8BC-44B8-B0BE-4345D190B5FC}.DebugGame|Win32.ActiveCfg = BuiltWithUnrealBuildTool|Win32
		{A164CCA9-F8BC-44B8-B0BE-4345D190B5FC}.DebugGame|Win64.ActiveCfg = BuiltWithUnrealBuildTool|Win32
		{A164CCA9-F8BC-44B8-B0BE-4345D190B5FC}.Development Editor|HTML5.ActiveCfg = BuiltWithUnrealBuildTool|Win32
		{A164CCA9-F8BC-44B8-B0BE-4345D190B5FC}.Development Editor|Win32.ActiveCfg = BuiltWithUnrealBuildTool|Win32
		{A164CCA9-F8BC-44B8-B0BE-4345D190B5FC}.Development Editor|Win64.ActiveCfg = BuiltWithUnrealBuildTool|Win32
		{A164CCA9-F8BC-44B8-B0BE-4345D190B5FC}.Development|HTML5.ActiveCfg = BuiltWithUnrealBuildTool|Win32
		{A164CCA9-F8BC-44B8-B0BE-4345D190B5FC}.Development|Win32.ActiveCfg = BuiltWithUnrealBuildTool|Win32
		{A164CCA9-F8BC-44B8-B0BE-4345D190B5FC}.Development|Win64.ActiveCfg = BuiltWithUnrealBuildTool|Win32
		{A164CCA9-F8BC-44B8-B0BE-4345D190B5FC}.Shipping|HTML5.ActiveCfg = BuiltWithUnrealBuildTool|Win32
		{A164CCA9-F8BC-44B8-B0BE-4345D190B5FC}.Shipping|Win32.ActiveCfg = BuiltWithUnrealBuildTool|Win32
		{A164CCA9-F8BC-44B8-B0BE-4345D190B5FC}.Shipping|Win64.ActiveCfg = BuiltWithUnrealBuildTool|Win32
	EndGlobalSection
	GlobalSection(SolutionProperties) = preSolution
		HideSolutionNode = FALSE
	EndGlobalSection
	GlobalSection(NestedProjects) = preSolution
		{A164CCA9-F8BC-44B8-B0BE-4345D190B5FC} = {3C0037C2-4D8F-47F9-871D-39EF5BD84E55}
		{CF58328D-4588-417D-95C6-4623EBA7C0DE} = {957E8352-6B3E-48F5-861F-0995E1F7CBBD}
	EndGlobalSection
EndGlobal
